{
  "version": 4,
  "terraform_version": "1.1.6",
  "serial": 38,
  "lineage": "cce895fe-a425-9796-69d2-957a20da198e",
  "outputs": {},
  "resources": [
    {
      "mode": "managed",
      "type": "aws_instance",
      "name": "myapp_instance",
      "provider": "provider[\"registry.terraform.io/hashicorp/aws\"]",
      "instances": [
        {
          "schema_version": 1,
          "attributes": {
            "ami": "ami-0c6615d1e95c98aca",
            "arn": "arn:aws:ec2:ap-south-1:231311298137:instance/i-0cce061591ac3c3cd",
            "associate_public_ip_address": true,
            "availability_zone": "ap-south-1a",
            "capacity_reservation_specification": [
              {
                "capacity_reservation_preference": "open",
                "capacity_reservation_target": []
              }
            ],
            "cpu_core_count": 1,
            "cpu_threads_per_core": 1,
            "credit_specification": [
              {
                "cpu_credits": "standard"
              }
            ],
            "disable_api_termination": false,
            "ebs_block_device": [],
            "ebs_optimized": false,
            "enclave_options": [
              {
                "enabled": false
              }
            ],
            "ephemeral_block_device": [],
            "get_password_data": false,
            "hibernation": false,
            "host_id": null,
            "iam_instance_profile": "",
            "id": "i-0cce061591ac3c3cd",
            "instance_initiated_shutdown_behavior": "stop",
            "instance_state": "running",
            "instance_type": "t2.micro",
            "ipv6_address_count": 0,
            "ipv6_addresses": [],
            "key_name": "myApp",
            "launch_template": [],
            "metadata_options": [
              {
                "http_endpoint": "enabled",
                "http_put_response_hop_limit": 1,
                "http_tokens": "optional",
                "instance_metadata_tags": "disabled"
              }
            ],
            "monitoring": false,
            "network_interface": [],
            "outpost_arn": "",
            "password_data": "",
            "placement_group": "",
            "placement_partition_number": null,
            "primary_network_interface_id": "eni-0ea205d451732577d",
            "private_dns": "ip-10-0-2-21.ap-south-1.compute.internal",
            "private_ip": "10.0.2.21",
            "public_dns": "ec2-13-233-236-69.ap-south-1.compute.amazonaws.com",
            "public_ip": "13.233.236.69",
            "root_block_device": [
              {
                "delete_on_termination": true,
                "device_name": "/dev/xvda",
                "encrypted": false,
                "iops": 100,
                "kms_key_id": "",
                "tags": {},
                "throughput": 0,
                "volume_id": "vol-048585b60b4c014fb",
                "volume_size": 8,
                "volume_type": "gp2"
              }
            ],
            "secondary_private_ips": [],
            "security_groups": [],
            "source_dest_check": true,
            "subnet_id": "subnet-07b6b8765f7aba08e",
            "tags": {
              "Name": "myApp"
            },
            "tags_all": {
              "Name": "myApp"
            },
            "tenancy": "default",
            "timeouts": null,
            "user_data": null,
            "user_data_base64": null,
            "volume_tags": null,
            "vpc_security_group_ids": [
              "sg-034790861c648a193"
            ]
          },
          "sensitive_attributes": [],
          "private": "eyJlMmJmYjczMC1lY2FhLTExZTYtOGY4OC0zNDM2M2JjN2M0YzAiOnsiY3JlYXRlIjo2MDAwMDAwMDAwMDAsImRlbGV0ZSI6MTIwMDAwMDAwMDAwMCwidXBkYXRlIjo2MDAwMDAwMDAwMDB9LCJzY2hlbWFfdmVyc2lvbiI6IjEifQ==",
          "dependencies": [
            "aws_key_pair.keystore",
            "aws_security_group.ssh_connection",
            "module.vpcModule.aws_subnet.myapp-public-subnet",
            "module.vpcModule.aws_vpc.myapp-vpc",
            "module.vpcModule.data.aws_availability_zones.available"
          ]
        }
      ]
    },
    {
      "mode": "managed",
      "type": "aws_key_pair",
      "name": "keystore",
      "provider": "provider[\"registry.terraform.io/hashicorp/aws\"]",
      "instances": [
        {
          "schema_version": 1,
          "attributes": {
            "arn": "arn:aws:ec2:ap-south-1:231311298137:key-pair/myApp",
            "fingerprint": "a4:b3:27:17:6a:26:39:42:7e:4b:11:bf:85:b0:2a:af",
            "id": "myApp",
            "key_name": "myApp",
            "key_name_prefix": "",
            "key_pair_id": "key-02992e4ed604d00c1",
            "public_key": "ssh-rsa AAAAB3NzaC1yc2EAAAADAQABAAACAQCn0436+45rshkwcmvWpJwpyuhBw/8D1GELFzbyImpJTD8owdraPr4XCn6QTl6PQwKV2HvV4uC/PTEMhI3xQWGzTzWZdj7GG2u+c+ClW0iUgnrC7fCR8ZFRqMa/1g0wf7wnbGLaQKDYXEZrH0aIVInswtrFf12pYs/pTTX4XuXe7W4y2sso3whuuHyGTdwIe0tyNBlCHmh9ZqH/Hn37jqielwuHH/5ecyDX4Zz5Wm4NsYiigYVTQA9F5ymb4+FYvMo3T27Lui3FN3kBUvVAtWGU0JHCXaKsqe4zLCdG8YGhgt8b+p/fiMV5pbbiBfyklKNAXI5kdv2PpsmjZmNLTMAF+Bcb/nwNejaZ8aPBq4RGPGydu4EAgKjFh0lcfsQYN9zunO/mrwYeGqm0a9N+DzpYiyp5xuGYYQoJLu4eeONKN1ScP092i8DthNCV84cYfZR1Xdlvve4hLXEfY4MZ82OlcgILaG1xwVzz79g9fyMO2lSSMnkfklWWvDMFRrKm64D2FJiG8CLA7ZJgbMa1UU5qrr+/7PwmBsxe+zrKjKTBrFh2TX06VIR58LkWcnZ9WpSjF/F0nnjvabXuSG1LJ2By1XCAOItC9S0W8PsSBgx0nmaOG/rWbDXfuPoCFbhKFnPNUmmfg4+lZTObOND7YeKb83jAwdfVUDEM+aPWkCOO0Q==",
            "tags": {},
            "tags_all": {}
          },
          "sensitive_attributes": [],
          "private": "eyJzY2hlbWFfdmVyc2lvbiI6IjEifQ==",
          "dependencies": [
            "tls_private_key.private_key"
          ]
        }
      ]
    },
    {
      "mode": "managed",
      "type": "aws_security_group",
      "name": "ssh_connection",
      "provider": "provider[\"registry.terraform.io/hashicorp/aws\"]",
      "instances": [
        {
          "schema_version": 1,
          "attributes": {
            "arn": "arn:aws:ec2:ap-south-1:231311298137:security-group/sg-034790861c648a193",
            "description": "Allow SSH inbound traffic",
            "egress": [
              {
                "cidr_blocks": [
                  "0.0.0.0/0"
                ],
                "description": "",
                "from_port": 0,
                "ipv6_cidr_blocks": [],
                "prefix_list_ids": [],
                "protocol": "-1",
                "security_groups": [],
                "self": false,
                "to_port": 0
              }
            ],
            "id": "sg-034790861c648a193",
            "ingress": [
              {
                "cidr_blocks": [
                  "0.0.0.0/0"
                ],
                "description": "SSH from VPC",
                "from_port": 22,
                "ipv6_cidr_blocks": [],
                "prefix_list_ids": [],
                "protocol": "tcp",
                "security_groups": [],
                "self": false,
                "to_port": 22
              }
            ],
            "name": "myApp-sg",
            "name_prefix": "",
            "owner_id": "231311298137",
            "revoke_rules_on_delete": false,
            "tags": {
              "Name": "allow_ssh"
            },
            "tags_all": {
              "Name": "allow_ssh"
            },
            "timeouts": null,
            "vpc_id": "vpc-02dd54aedcba88b38"
          },
          "sensitive_attributes": [],
          "private": "eyJlMmJmYjczMC1lY2FhLTExZTYtOGY4OC0zNDM2M2JjN2M0YzAiOnsiY3JlYXRlIjo2MDAwMDAwMDAwMDAsImRlbGV0ZSI6OTAwMDAwMDAwMDAwfSwic2NoZW1hX3ZlcnNpb24iOiIxIn0=",
          "dependencies": [
            "module.vpcModule.aws_vpc.myapp-vpc"
          ]
        }
      ]
    },
    {
      "mode": "managed",
      "type": "local_file",
      "name": "pem_file",
      "provider": "provider[\"registry.terraform.io/hashicorp/local\"]",
      "instances": [
        {
          "schema_version": 0,
          "attributes": {
            "content": null,
            "content_base64": null,
            "directory_permission": "700",
            "file_permission": "400",
            "filename": "/root/.ssh/myApp.pem",
            "id": "d07aded5e21b9292c65c61eff6bf8002c5aa983a",
            "sensitive_content": "-----BEGIN RSA PRIVATE KEY-----\nMIIJJwIBAAKCAgEAp9ON+vuOa7IZMHJr1qScKcroQcP/A9RhCxc28iJqSUw/KMHa\n2j6+Fwp+kE5ej0MCldh71eLgvz0xDISN8UFhs081mXY+xhtrvnPgpVtIlIJ6wu3w\nkfGRUajGv9YNMH+8J2xi2kCg2FxGax9GiFSJ7MLaxX9dqWLP6U01+F7l3u1uMtrL\nKN8Ibrh8hk3cCHtLcjQZQh5ofWah/x59+46onpcLhx/+XnMg1+Gc+VpuDbGIooGF\nU0APRecpm+PhWLzKN09uy7otxTd5AVL1QLVhlNCRwl2irKnuMywnRvGBoYLfG/qf\n34jFeaW24gX8pJSjQFyOZHb9j6bJo2ZjS0zABfgXG/58DXo2mfGjwauERjxsnbuB\nAICoxYdJXH7EGDfc7pzv5q8GHhqptGvTfg86WIsqecbhmGEKCS7uHnjjSjdUnD9P\ndovA7YTQlfOHGH2UdV3Zb73uIS1xH2ODGfNjpXICC2htccFc8+/YPX8jDtpUkjJ5\nH5JVlrwzBUaypuuA9hSYhvAiwO2SYGzGtVFOaq6/v+z8JgbMXvs6yoykwaxYdk19\nOlSEefC5FnJ2fVqUoxfxdJ5472m17khtSydgctVwgDiLQvUtFvD7EgYMdJ5mjhv6\n1mw137j6AhW4ShZzzVJpn4OPpWUzmzjQ+2Him/N4wMHX1VAxDPmj1pAjjtECAwEA\nAQKCAgADqXQRo+eJpgsyqWx89H6L0uead8JavQmZClqikemry8QdCY3S8UeIjSwR\nzgP2MEogJucc1aR9x8IIOeQ2/Ww6U2IiBRh9jh+duj2Onh1JUEeJdVOoe5LmKz6a\n9Pq4sjDS02Scyog38FuA/t+1HdMcnWvUn2DVz1gmCQ9Cah+t65RZ+7gvHh66+7+L\n1qsUbExLI6Phc3RoOBMU0/9/u68mNrmDq0kLmot+6mdYcYaxOcx3b0gPdvheWBrq\nUeCa5ROsfUk3nMpe4UT8qGi9jregXaSwjwZ7qgGOkEoTHDXt5kMkAyX15LAaZWlG\nKUdH+A5P2zUoMAh8V/FSZWuJOxV9gslrUY2HRvytRsqCDBtNc7HtyeSRpuTevDAd\n5T/NcnGiM1e/rZmNdO5HGj5s594MX3crijipJjjAi6waoxTN4Jns3hSma6mVQ9aw\nUWWmK0lI56K3/bgsKyaVL9x9xdx+gC/dylWFUmbryHct8pOUf7SwIzONEfS4xeP8\nK8pwz+ZfnbJXsv13ywuxBnQb58cdfvleHp8A1Mmec1MLYZ4aSi1TZRxpdnt5fJDF\nXFQbvb5+Ku+knkVQfjxUCGkKvpBg4sGwhX7sAUQLYqOVXMQfymt7JBTKNO0m1/7h\nQbb4Lu1T1zy7iHm0PqYAs7HZ7d8/7HM0HH10NL56373PRJEUmQKCAQEAwdG6bMzy\nvcmcV3Li/ofmgjZQQVLQ2MPH8IDB8qmm7sUO/9beStK9VvrpiSY5DCRi/IEvmq5i\n8n36AptOmON6r8+KprY9hA8eeWFpWp7m3OG6Eb5C67oZfp950ZAfVtMPi1J9io8m\nAjt/DXco0pVZeTpmyVEj1sMMngs19kaR2WAZtsGl3Cwxbkx94glLz2lTCZe7azid\nAZppUSSzHuq94YunF25lQqIG5e614JC+moukWzgxD4iMD9ROYPT2KaqqS+M23ct+\n3kjpGNGX+VhchkBJNHKjWqpwULwE2nanJFlIfIom8IjTG2J/4NtkVo/+xnxoPidR\nCF0206W/Er5xNwKCAQEA3asL0rItnrdqitVrRrPFO5N8aaV+4RZ3fe0b6fbfKQi4\naYx/YMIMLhGbLCjyQH+J36kcGB0fbuw8Nd/TPkOqwep9XZujq61YouTxJZ+WyUEy\nt/G1g8NEUClOfIYzHnx4a3QfjcpOn/ADfqvWax3OkfEF1g6DhNRJ6y2HB6FSl9Lk\n8m8nu1Fc69oaAzJtd1Q3IwhQae6ZK2zQngDXOHiCfSx7tY4xSNrvojI4/QwLChuh\nCE3uXBvutcBHVemf5HI2QMQyOkRUtGvCquAT8fE4OIDusdaPIth0kopizxZU6T14\nM+9x6c8yLjQK7YWXGABNBzCE92o3RB/PTlQy/d6kNwKCAQArTiP8OVKnSwuuklHb\nkxvSzjXiUpGtTRk4SFyNTpCo2si+KxEh4LJDY+6YIT0v1FV1m5u6UOp0yeb5fB/0\nkycPbyzIkQFvpz0k27oBcG2evqSnYD5tkvgtTY6XXz9RU/kuJPE96zwP1aFOregm\nHQ6PwpfCtWlvi8ce7NxSuXPPAOTd66iWaB1nSpn5zh/tKNhP1WIf09doy0pqwetv\npf1lDqH330equq8V4t8qXMzplPfVFdoIYXcB9mrIyRLTPnmsWQkiR1yCaAIE9Jej\nM7YAnQ5+NHsBQAG2WDwxX796pKRIh0mqBrg8byapY/uoR6YiTRuxf3FgkAs3ANqP\nYpPDAoIBAEciR7YCdb9ULr2ExVs3/1gh+S/R6wiCdDAV8fo/vddmM/+zFYFQZCY4\ngipGrY7jHrSGiTx3xAmNh7jmLdzyTA7UmAx9EKXcB/CmNXiUYQgOgx8iUtSIyhhL\nWSN+0VK8MMySxDl1LYwHsqdor3NKamrNBMlveOccVOhCgO2C6IVOKShfYUmsT3xk\nTiqueRBtFxCH734/EiosTjoWHPrDOWS/7KcTjV9K2tGa+kzCG5zPxvpqP86RLCZp\nILtCMIxX1m8sRs4J9YC8gAjjxaLDfP4s6exp5R8ShT4taI36JZ9/mV5ZPZ4BXqIT\nE1qrnxQVrKJdAJ6BGGElMBp7zK1JUDsCggEAZArgknQfYNQD/qgT9hRA7LWVmtQh\nyPEhzNB9tFzH0JauV49Wc0lc6TvsTrIcydX5ts20ZFm9mg1o3im4VaqlBDrNm4su\ntizFo3/fUf6hxFKulq2+uLbu7BD9Nwsh98w+Kf16/cbgqbBr8opx7tiAeaM2aPrE\npQUw8KU/fc0s4fquVnAD2Nmu7K/VimbhaRlS+viU0/v1SPC25UZ484S+MPInuHXy\nZ67zsveYhPAJRtgqL28dP0pkoXB7MRMUFaC/9IOnK+zzLpSQBkNqxUyVUUtA9h0k\ntwoJH9jwGNlemK55OrqlzDP6FH2sUDMg3rUHC/CRdwEyzjuMPeVsMi3FFQ==\n-----END RSA PRIVATE KEY-----\n",
            "source": null
          },
          "sensitive_attributes": [
            [
              {
                "type": "get_attr",
                "value": "sensitive_content"
              }
            ]
          ],
          "private": "bnVsbA==",
          "dependencies": [
            "tls_private_key.private_key"
          ]
        }
      ]
    },
    {
      "mode": "managed",
      "type": "tls_private_key",
      "name": "private_key",
      "provider": "provider[\"registry.terraform.io/hashicorp/tls\"]",
      "instances": [
        {
          "schema_version": 0,
          "attributes": {
            "algorithm": "RSA",
            "ecdsa_curve": "P224",
            "id": "7200b18d9bc540d14c5bd4fef46c6ebb4513c86c",
            "private_key_pem": "-----BEGIN RSA PRIVATE KEY-----\nMIIJJwIBAAKCAgEAp9ON+vuOa7IZMHJr1qScKcroQcP/A9RhCxc28iJqSUw/KMHa\n2j6+Fwp+kE5ej0MCldh71eLgvz0xDISN8UFhs081mXY+xhtrvnPgpVtIlIJ6wu3w\nkfGRUajGv9YNMH+8J2xi2kCg2FxGax9GiFSJ7MLaxX9dqWLP6U01+F7l3u1uMtrL\nKN8Ibrh8hk3cCHtLcjQZQh5ofWah/x59+46onpcLhx/+XnMg1+Gc+VpuDbGIooGF\nU0APRecpm+PhWLzKN09uy7otxTd5AVL1QLVhlNCRwl2irKnuMywnRvGBoYLfG/qf\n34jFeaW24gX8pJSjQFyOZHb9j6bJo2ZjS0zABfgXG/58DXo2mfGjwauERjxsnbuB\nAICoxYdJXH7EGDfc7pzv5q8GHhqptGvTfg86WIsqecbhmGEKCS7uHnjjSjdUnD9P\ndovA7YTQlfOHGH2UdV3Zb73uIS1xH2ODGfNjpXICC2htccFc8+/YPX8jDtpUkjJ5\nH5JVlrwzBUaypuuA9hSYhvAiwO2SYGzGtVFOaq6/v+z8JgbMXvs6yoykwaxYdk19\nOlSEefC5FnJ2fVqUoxfxdJ5472m17khtSydgctVwgDiLQvUtFvD7EgYMdJ5mjhv6\n1mw137j6AhW4ShZzzVJpn4OPpWUzmzjQ+2Him/N4wMHX1VAxDPmj1pAjjtECAwEA\nAQKCAgADqXQRo+eJpgsyqWx89H6L0uead8JavQmZClqikemry8QdCY3S8UeIjSwR\nzgP2MEogJucc1aR9x8IIOeQ2/Ww6U2IiBRh9jh+duj2Onh1JUEeJdVOoe5LmKz6a\n9Pq4sjDS02Scyog38FuA/t+1HdMcnWvUn2DVz1gmCQ9Cah+t65RZ+7gvHh66+7+L\n1qsUbExLI6Phc3RoOBMU0/9/u68mNrmDq0kLmot+6mdYcYaxOcx3b0gPdvheWBrq\nUeCa5ROsfUk3nMpe4UT8qGi9jregXaSwjwZ7qgGOkEoTHDXt5kMkAyX15LAaZWlG\nKUdH+A5P2zUoMAh8V/FSZWuJOxV9gslrUY2HRvytRsqCDBtNc7HtyeSRpuTevDAd\n5T/NcnGiM1e/rZmNdO5HGj5s594MX3crijipJjjAi6waoxTN4Jns3hSma6mVQ9aw\nUWWmK0lI56K3/bgsKyaVL9x9xdx+gC/dylWFUmbryHct8pOUf7SwIzONEfS4xeP8\nK8pwz+ZfnbJXsv13ywuxBnQb58cdfvleHp8A1Mmec1MLYZ4aSi1TZRxpdnt5fJDF\nXFQbvb5+Ku+knkVQfjxUCGkKvpBg4sGwhX7sAUQLYqOVXMQfymt7JBTKNO0m1/7h\nQbb4Lu1T1zy7iHm0PqYAs7HZ7d8/7HM0HH10NL56373PRJEUmQKCAQEAwdG6bMzy\nvcmcV3Li/ofmgjZQQVLQ2MPH8IDB8qmm7sUO/9beStK9VvrpiSY5DCRi/IEvmq5i\n8n36AptOmON6r8+KprY9hA8eeWFpWp7m3OG6Eb5C67oZfp950ZAfVtMPi1J9io8m\nAjt/DXco0pVZeTpmyVEj1sMMngs19kaR2WAZtsGl3Cwxbkx94glLz2lTCZe7azid\nAZppUSSzHuq94YunF25lQqIG5e614JC+moukWzgxD4iMD9ROYPT2KaqqS+M23ct+\n3kjpGNGX+VhchkBJNHKjWqpwULwE2nanJFlIfIom8IjTG2J/4NtkVo/+xnxoPidR\nCF0206W/Er5xNwKCAQEA3asL0rItnrdqitVrRrPFO5N8aaV+4RZ3fe0b6fbfKQi4\naYx/YMIMLhGbLCjyQH+J36kcGB0fbuw8Nd/TPkOqwep9XZujq61YouTxJZ+WyUEy\nt/G1g8NEUClOfIYzHnx4a3QfjcpOn/ADfqvWax3OkfEF1g6DhNRJ6y2HB6FSl9Lk\n8m8nu1Fc69oaAzJtd1Q3IwhQae6ZK2zQngDXOHiCfSx7tY4xSNrvojI4/QwLChuh\nCE3uXBvutcBHVemf5HI2QMQyOkRUtGvCquAT8fE4OIDusdaPIth0kopizxZU6T14\nM+9x6c8yLjQK7YWXGABNBzCE92o3RB/PTlQy/d6kNwKCAQArTiP8OVKnSwuuklHb\nkxvSzjXiUpGtTRk4SFyNTpCo2si+KxEh4LJDY+6YIT0v1FV1m5u6UOp0yeb5fB/0\nkycPbyzIkQFvpz0k27oBcG2evqSnYD5tkvgtTY6XXz9RU/kuJPE96zwP1aFOregm\nHQ6PwpfCtWlvi8ce7NxSuXPPAOTd66iWaB1nSpn5zh/tKNhP1WIf09doy0pqwetv\npf1lDqH330equq8V4t8qXMzplPfVFdoIYXcB9mrIyRLTPnmsWQkiR1yCaAIE9Jej\nM7YAnQ5+NHsBQAG2WDwxX796pKRIh0mqBrg8byapY/uoR6YiTRuxf3FgkAs3ANqP\nYpPDAoIBAEciR7YCdb9ULr2ExVs3/1gh+S/R6wiCdDAV8fo/vddmM/+zFYFQZCY4\ngipGrY7jHrSGiTx3xAmNh7jmLdzyTA7UmAx9EKXcB/CmNXiUYQgOgx8iUtSIyhhL\nWSN+0VK8MMySxDl1LYwHsqdor3NKamrNBMlveOccVOhCgO2C6IVOKShfYUmsT3xk\nTiqueRBtFxCH734/EiosTjoWHPrDOWS/7KcTjV9K2tGa+kzCG5zPxvpqP86RLCZp\nILtCMIxX1m8sRs4J9YC8gAjjxaLDfP4s6exp5R8ShT4taI36JZ9/mV5ZPZ4BXqIT\nE1qrnxQVrKJdAJ6BGGElMBp7zK1JUDsCggEAZArgknQfYNQD/qgT9hRA7LWVmtQh\nyPEhzNB9tFzH0JauV49Wc0lc6TvsTrIcydX5ts20ZFm9mg1o3im4VaqlBDrNm4su\ntizFo3/fUf6hxFKulq2+uLbu7BD9Nwsh98w+Kf16/cbgqbBr8opx7tiAeaM2aPrE\npQUw8KU/fc0s4fquVnAD2Nmu7K/VimbhaRlS+viU0/v1SPC25UZ484S+MPInuHXy\nZ67zsveYhPAJRtgqL28dP0pkoXB7MRMUFaC/9IOnK+zzLpSQBkNqxUyVUUtA9h0k\ntwoJH9jwGNlemK55OrqlzDP6FH2sUDMg3rUHC/CRdwEyzjuMPeVsMi3FFQ==\n-----END RSA PRIVATE KEY-----\n",
            "public_key_fingerprint_md5": "0d:c6:7d:92:14:84:13:bb:4a:a3:68:de:2f:78:74:ed",
            "public_key_openssh": "ssh-rsa AAAAB3NzaC1yc2EAAAADAQABAAACAQCn0436+45rshkwcmvWpJwpyuhBw/8D1GELFzbyImpJTD8owdraPr4XCn6QTl6PQwKV2HvV4uC/PTEMhI3xQWGzTzWZdj7GG2u+c+ClW0iUgnrC7fCR8ZFRqMa/1g0wf7wnbGLaQKDYXEZrH0aIVInswtrFf12pYs/pTTX4XuXe7W4y2sso3whuuHyGTdwIe0tyNBlCHmh9ZqH/Hn37jqielwuHH/5ecyDX4Zz5Wm4NsYiigYVTQA9F5ymb4+FYvMo3T27Lui3FN3kBUvVAtWGU0JHCXaKsqe4zLCdG8YGhgt8b+p/fiMV5pbbiBfyklKNAXI5kdv2PpsmjZmNLTMAF+Bcb/nwNejaZ8aPBq4RGPGydu4EAgKjFh0lcfsQYN9zunO/mrwYeGqm0a9N+DzpYiyp5xuGYYQoJLu4eeONKN1ScP092i8DthNCV84cYfZR1Xdlvve4hLXEfY4MZ82OlcgILaG1xwVzz79g9fyMO2lSSMnkfklWWvDMFRrKm64D2FJiG8CLA7ZJgbMa1UU5qrr+/7PwmBsxe+zrKjKTBrFh2TX06VIR58LkWcnZ9WpSjF/F0nnjvabXuSG1LJ2By1XCAOItC9S0W8PsSBgx0nmaOG/rWbDXfuPoCFbhKFnPNUmmfg4+lZTObOND7YeKb83jAwdfVUDEM+aPWkCOO0Q==\n",
            "public_key_pem": "-----BEGIN PUBLIC KEY-----\nMIICIjANBgkqhkiG9w0BAQEFAAOCAg8AMIICCgKCAgEAp9ON+vuOa7IZMHJr1qSc\nKcroQcP/A9RhCxc28iJqSUw/KMHa2j6+Fwp+kE5ej0MCldh71eLgvz0xDISN8UFh\ns081mXY+xhtrvnPgpVtIlIJ6wu3wkfGRUajGv9YNMH+8J2xi2kCg2FxGax9GiFSJ\n7MLaxX9dqWLP6U01+F7l3u1uMtrLKN8Ibrh8hk3cCHtLcjQZQh5ofWah/x59+46o\nnpcLhx/+XnMg1+Gc+VpuDbGIooGFU0APRecpm+PhWLzKN09uy7otxTd5AVL1QLVh\nlNCRwl2irKnuMywnRvGBoYLfG/qf34jFeaW24gX8pJSjQFyOZHb9j6bJo2ZjS0zA\nBfgXG/58DXo2mfGjwauERjxsnbuBAICoxYdJXH7EGDfc7pzv5q8GHhqptGvTfg86\nWIsqecbhmGEKCS7uHnjjSjdUnD9PdovA7YTQlfOHGH2UdV3Zb73uIS1xH2ODGfNj\npXICC2htccFc8+/YPX8jDtpUkjJ5H5JVlrwzBUaypuuA9hSYhvAiwO2SYGzGtVFO\naq6/v+z8JgbMXvs6yoykwaxYdk19OlSEefC5FnJ2fVqUoxfxdJ5472m17khtSydg\nctVwgDiLQvUtFvD7EgYMdJ5mjhv61mw137j6AhW4ShZzzVJpn4OPpWUzmzjQ+2Hi\nm/N4wMHX1VAxDPmj1pAjjtECAwEAAQ==\n-----END PUBLIC KEY-----\n",
            "rsa_bits": 4096
          },
          "sensitive_attributes": [],
          "private": "bnVsbA=="
        }
      ]
    },
    {
      "module": "module.vpcModule",
      "mode": "data",
      "type": "aws_availability_zones",
      "name": "available",
      "provider": "module.vpcModule.provider[\"registry.terraform.io/hashicorp/aws\"]",
      "instances": [
        {
          "schema_version": 0,
          "attributes": {
            "all_availability_zones": null,
            "exclude_names": null,
            "exclude_zone_ids": null,
            "filter": null,
            "group_names": [
              "ap-south-1"
            ],
            "id": "ap-south-1",
            "names": [
              "ap-south-1a",
              "ap-south-1b",
              "ap-south-1c"
            ],
            "state": "available",
            "zone_ids": [
              "aps1-az1",
              "aps1-az3",
              "aps1-az2"
            ]
          },
          "sensitive_attributes": []
        }
      ]
    },
    {
      "module": "module.vpcModule",
      "mode": "managed",
      "type": "aws_internet_gateway",
      "name": "myapp-gw",
      "provider": "module.vpcModule.provider[\"registry.terraform.io/hashicorp/aws\"]",
      "instances": [
        {
          "schema_version": 0,
          "attributes": {
            "arn": "arn:aws:ec2:ap-south-1:231311298137:internet-gateway/igw-0326fa04975ba20ee",
            "id": "igw-0326fa04975ba20ee",
            "owner_id": "231311298137",
            "tags": {
              "Name": "myapp-vpc-gw"
            },
            "tags_all": {
              "Name": "myapp-vpc-gw"
            },
            "vpc_id": "vpc-02dd54aedcba88b38"
          },
          "sensitive_attributes": [],
          "private": "bnVsbA==",
          "dependencies": [
            "module.vpcModule.aws_vpc.myapp-vpc"
          ]
        }
      ]
    },
    {
      "module": "module.vpcModule",
      "mode": "managed",
      "type": "aws_route_table",
      "name": "myapp-public-subnet-rt",
      "provider": "module.vpcModule.provider[\"registry.terraform.io/hashicorp/aws\"]",
      "instances": [
        {
          "schema_version": 0,
          "attributes": {
            "arn": "arn:aws:ec2:ap-south-1:231311298137:route-table/rtb-0de0c42410ba8f9ea",
            "id": "rtb-0de0c42410ba8f9ea",
            "owner_id": "231311298137",
            "propagating_vgws": [],
            "route": [
              {
                "carrier_gateway_id": "",
                "cidr_block": "0.0.0.0/0",
                "destination_prefix_list_id": "",
                "egress_only_gateway_id": "",
                "gateway_id": "igw-0326fa04975ba20ee",
                "instance_id": "",
                "ipv6_cidr_block": "",
                "local_gateway_id": "",
                "nat_gateway_id": "",
                "network_interface_id": "",
                "transit_gateway_id": "",
                "vpc_endpoint_id": "",
                "vpc_peering_connection_id": ""
              }
            ],
            "tags": {
              "Name": "myapp-vpc-public-subnet-rt"
            },
            "tags_all": {
              "Name": "myapp-vpc-public-subnet-rt"
            },
            "timeouts": null,
            "vpc_id": "vpc-02dd54aedcba88b38"
          },
          "sensitive_attributes": [],
          "private": "eyJlMmJmYjczMC1lY2FhLTExZTYtOGY4OC0zNDM2M2JjN2M0YzAiOnsiY3JlYXRlIjozMDAwMDAwMDAwMDAsImRlbGV0ZSI6MzAwMDAwMDAwMDAwLCJ1cGRhdGUiOjEyMDAwMDAwMDAwMH19",
          "dependencies": [
            "module.vpcModule.aws_internet_gateway.myapp-gw",
            "module.vpcModule.aws_vpc.myapp-vpc"
          ]
        }
      ]
    },
    {
      "module": "module.vpcModule",
      "mode": "managed",
      "type": "aws_route_table_association",
      "name": "rt-association-public-subnet",
      "provider": "module.vpcModule.provider[\"registry.terraform.io/hashicorp/aws\"]",
      "instances": [
        {
          "schema_version": 0,
          "attributes": {
            "gateway_id": "",
            "id": "rtbassoc-0b0e47a46dbcfd4f4",
            "route_table_id": "rtb-0de0c42410ba8f9ea",
            "subnet_id": "subnet-07b6b8765f7aba08e"
          },
          "sensitive_attributes": [],
          "private": "bnVsbA==",
          "dependencies": [
            "module.vpcModule.aws_route_table.myapp-public-subnet-rt",
            "module.vpcModule.aws_subnet.myapp-public-subnet",
            "module.vpcModule.aws_vpc.myapp-vpc",
            "module.vpcModule.data.aws_availability_zones.available"
          ]
        }
      ]
    },
    {
      "module": "module.vpcModule",
      "mode": "managed",
      "type": "aws_subnet",
      "name": "myapp-private-subnet",
      "provider": "module.vpcModule.provider[\"registry.terraform.io/hashicorp/aws\"]",
      "instances": [
        {
          "schema_version": 1,
          "attributes": {
            "arn": "arn:aws:ec2:ap-south-1:231311298137:subnet/subnet-0762b2f2ecc75f090",
            "assign_ipv6_address_on_creation": false,
            "availability_zone": "ap-south-1b",
            "availability_zone_id": "aps1-az3",
            "cidr_block": "10.0.3.0/24",
            "customer_owned_ipv4_pool": "",
            "enable_dns64": false,
            "enable_resource_name_dns_a_record_on_launch": false,
            "enable_resource_name_dns_aaaa_record_on_launch": false,
            "id": "subnet-0762b2f2ecc75f090",
            "ipv6_cidr_block": "",
            "ipv6_cidr_block_association_id": "",
            "ipv6_native": false,
            "map_customer_owned_ip_on_launch": false,
            "map_public_ip_on_launch": false,
            "outpost_arn": "",
            "owner_id": "231311298137",
            "private_dns_hostname_type_on_launch": "ip-name",
            "tags": {
              "Name": "myapp-vpc-private-subnet"
            },
            "tags_all": {
              "Name": "myapp-vpc-private-subnet"
            },
            "timeouts": null,
            "vpc_id": "vpc-02dd54aedcba88b38"
          },
          "sensitive_attributes": [],
          "private": "eyJlMmJmYjczMC1lY2FhLTExZTYtOGY4OC0zNDM2M2JjN2M0YzAiOnsiY3JlYXRlIjo2MDAwMDAwMDAwMDAsImRlbGV0ZSI6MTIwMDAwMDAwMDAwMH0sInNjaGVtYV92ZXJzaW9uIjoiMSJ9",
          "dependencies": [
            "module.vpcModule.aws_vpc.myapp-vpc",
            "module.vpcModule.data.aws_availability_zones.available"
          ]
        }
      ]
    },
    {
      "module": "module.vpcModule",
      "mode": "managed",
      "type": "aws_subnet",
      "name": "myapp-public-subnet",
      "provider": "module.vpcModule.provider[\"registry.terraform.io/hashicorp/aws\"]",
      "instances": [
        {
          "schema_version": 1,
          "attributes": {
            "arn": "arn:aws:ec2:ap-south-1:231311298137:subnet/subnet-07b6b8765f7aba08e",
            "assign_ipv6_address_on_creation": false,
            "availability_zone": "ap-south-1a",
            "availability_zone_id": "aps1-az1",
            "cidr_block": "10.0.2.0/24",
            "customer_owned_ipv4_pool": "",
            "enable_dns64": false,
            "enable_resource_name_dns_a_record_on_launch": false,
            "enable_resource_name_dns_aaaa_record_on_launch": false,
            "id": "subnet-07b6b8765f7aba08e",
            "ipv6_cidr_block": "",
            "ipv6_cidr_block_association_id": "",
            "ipv6_native": false,
            "map_customer_owned_ip_on_launch": false,
            "map_public_ip_on_launch": true,
            "outpost_arn": "",
            "owner_id": "231311298137",
            "private_dns_hostname_type_on_launch": "ip-name",
            "tags": {
              "Name": "myapp-vpc-public-subnet"
            },
            "tags_all": {
              "Name": "myapp-vpc-public-subnet"
            },
            "timeouts": null,
            "vpc_id": "vpc-02dd54aedcba88b38"
          },
          "sensitive_attributes": [],
          "private": "eyJlMmJmYjczMC1lY2FhLTExZTYtOGY4OC0zNDM2M2JjN2M0YzAiOnsiY3JlYXRlIjo2MDAwMDAwMDAwMDAsImRlbGV0ZSI6MTIwMDAwMDAwMDAwMH0sInNjaGVtYV92ZXJzaW9uIjoiMSJ9",
          "dependencies": [
            "module.vpcModule.aws_vpc.myapp-vpc",
            "module.vpcModule.data.aws_availability_zones.available"
          ]
        }
      ]
    },
    {
      "module": "module.vpcModule",
      "mode": "managed",
      "type": "aws_vpc",
      "name": "myapp-vpc",
      "provider": "module.vpcModule.provider[\"registry.terraform.io/hashicorp/aws\"]",
      "instances": [
        {
          "schema_version": 1,
          "attributes": {
            "arn": "arn:aws:ec2:ap-south-1:231311298137:vpc/vpc-02dd54aedcba88b38",
            "assign_generated_ipv6_cidr_block": false,
            "cidr_block": "10.0.0.0/16",
            "default_network_acl_id": "acl-024ea72a87eca9c14",
            "default_route_table_id": "rtb-063fe1aadc5cf2696",
            "default_security_group_id": "sg-0409c2c19de821464",
            "dhcp_options_id": "dopt-9c12a6f7",
            "enable_classiclink": false,
            "enable_classiclink_dns_support": false,
            "enable_dns_hostnames": true,
            "enable_dns_support": true,
            "id": "vpc-02dd54aedcba88b38",
            "instance_tenancy": "default",
            "ipv4_ipam_pool_id": null,
            "ipv4_netmask_length": null,
            "ipv6_association_id": "",
            "ipv6_cidr_block": "",
            "ipv6_cidr_block_network_border_group": "",
            "ipv6_ipam_pool_id": "",
            "ipv6_netmask_length": 0,
            "main_route_table_id": "rtb-063fe1aadc5cf2696",
            "owner_id": "231311298137",
            "tags": {
              "Name": "myapp-vpc"
            },
            "tags_all": {
              "Name": "myapp-vpc"
            }
          },
          "sensitive_attributes": [],
          "private": "eyJzY2hlbWFfdmVyc2lvbiI6IjEifQ=="
        }
      ]
    }
  ]
}
